github.com/gatling/hugo-module v0.0.0-20210419163717-1087c2214ab5 h1:RYfcoMxNkHveylK3P3AeG9r7i+kzfBVppt/4jGpzKrE=
github.com/gatling/hugo-module v0.0.0-20210419163717-1087c2214ab5/go.mod h1:WL4u6eTb/rLRvVUAMsndlFKeAbhcULwdvagLNvLZg/Y=
github.com/gatling/hugo-module v0.0.0-20210419165141-8819b1da8339 h1:rMMPR12a8hktE29XwAKFE2rVg60orBdyxzBqhruzrxk=
github.com/gatling/hugo-module v0.0.0-20210419165141-8819b1da8339/go.mod h1:WL4u6eTb/rLRvVUAMsndlFKeAbhcULwdvagLNvLZg/Y=
github.com/gatling/hugo-module v0.0.0-20210419170708-daac9b1017d9 h1:lm+dxHFrwkRNsR3fz+8YiSNokXRb8FtjwjYI5yKR5Ug=
github.com/gatling/hugo-module v0.0.0-20210419170708-daac9b1017d9/go.mod h1:WL4u6eTb/rLRvVUAMsndlFKeAbhcULwdvagLNvLZg/Y=
github.com/gatling/hugo-module v0.0.0-20210419172146-6fba697ef062 h1:/HhQID69TaZ5Y3zJR1sobbX3P5WpPoIsP4ikpVez1os=
github.com/gatling/hugo-module v0.0.0-20210419172146-6fba697ef062/go.mod h1:WL4u6eTb/rLRvVUAMsndlFKeAbhcULwdvagLNvLZg/Y=
